// !$*UTF8*$!
{
	archiveVersion = 1;
	classes = {
	};
	objectVersion = 55;
	objects = {

/* Begin PBXBuildFile section */
		CA18CDA7281B002000612806 /* Loaner_SwiftUIApp.swift in Sources */ = {isa = PBXBuildFile; fileRef = CA18CDA6281B002000612806 /* Loaner_SwiftUIApp.swift */; };
		CA18CDA9281B002000612806 /* ContentView.swift in Sources */ = {isa = PBXBuildFile; fileRef = CA18CDA8281B002000612806 /* ContentView.swift */; };
		CA18CDAB281B002100612806 /* Assets.xcassets in Resources */ = {isa = PBXBuildFile; fileRef = CA18CDAA281B002100612806 /* Assets.xcassets */; };
		CA18CDAE281B002100612806 /* Preview Assets.xcassets in Resources */ = {isa = PBXBuildFile; fileRef = CA18CDAD281B002100612806 /* Preview Assets.xcassets */; };
		CA18CDB5281B0A8400612806 /* TestView.swift in Sources */ = {isa = PBXBuildFile; fileRef = CA18CDB4281B0A8400612806 /* TestView.swift */; };
		CA18CDBB281B0EC800612806 /* Loaner.xcdatamodeld in Sources */ = {isa = PBXBuildFile; fileRef = CA18CDB9281B0EC800612806 /* Loaner.xcdatamodeld */; };
		CA18CDBD281B0EE800612806 /* DataController.swift in Sources */ = {isa = PBXBuildFile; fileRef = CA18CDBC281B0EE800612806 /* DataController.swift */; };
		CA18CDC1281B2BDA00612806 /* AddLendingTo.swift in Sources */ = {isa = PBXBuildFile; fileRef = CA18CDC0281B2BDA00612806 /* AddLendingTo.swift */; };
		CA18CDC4281B2C0400612806 /* AddLendingFrom.swift in Sources */ = {isa = PBXBuildFile; fileRef = CA18CDC3281B2C0400612806 /* AddLendingFrom.swift */; };
		CAF78F4628284DA30041DA5A /* LoanViewModel.swift in Sources */ = {isa = PBXBuildFile; fileRef = CAF78F4528284DA30041DA5A /* LoanViewModel.swift */; };
		CAF78F49282851CE0041DA5A /* Home.swift in Sources */ = {isa = PBXBuildFile; fileRef = CAF78F48282851CE0041DA5A /* Home.swift */; };
		CAF78F4C282869860041DA5A /* History.swift in Sources */ = {isa = PBXBuildFile; fileRef = CAF78F4B282869860041DA5A /* History.swift */; };
/* End PBXBuildFile section */

/* Begin PBXFileReference section */
		CA18CDA3281B002000612806 /* Loaner.app */ = {isa = PBXFileReference; explicitFileType = wrapper.application; includeInIndex = 0; path = Loaner.app; sourceTree = BUILT_PRODUCTS_DIR; };
		CA18CDA6281B002000612806 /* Loaner_SwiftUIApp.swift */ = {isa = PBXFileReference; lastKnownFileType = sourcecode.swift; path = Loaner_SwiftUIApp.swift; sourceTree = "<group>"; };
		CA18CDA8281B002000612806 /* ContentView.swift */ = {isa = PBXFileReference; lastKnownFileType = sourcecode.swift; path = ContentView.swift; sourceTree = "<group>"; };
		CA18CDAA281B002100612806 /* Assets.xcassets */ = {isa = PBXFileReference; lastKnownFileType = folder.assetcatalog; path = Assets.xcassets; sourceTree = "<group>"; };
		CA18CDAD281B002100612806 /* Preview Assets.xcassets */ = {isa = PBXFileReference; lastKnownFileType = folder.assetcatalog; path = "Preview Assets.xcassets"; sourceTree = "<group>"; };
		CA18CDB4281B0A8400612806 /* TestView.swift */ = {isa = PBXFileReference; lastKnownFileType = sourcecode.swift; path = TestView.swift; sourceTree = "<group>"; };
		CA18CDBA281B0EC800612806 /* Loaner.xcdatamodel */ = {isa = PBXFileReference; lastKnownFileType = wrapper.xcdatamodel; path = Loaner.xcdatamodel; sourceTree = "<group>"; };
		CA18CDBC281B0EE800612806 /* DataController.swift */ = {isa = PBXFileReference; lastKnownFileType = sourcecode.swift; path = DataController.swift; sourceTree = "<group>"; };
		CA18CDC0281B2BDA00612806 /* AddLendingTo.swift */ = {isa = PBXFileReference; lastKnownFileType = sourcecode.swift; path = AddLendingTo.swift; sourceTree = "<group>"; };
		CA18CDC3281B2C0400612806 /* AddLendingFrom.swift */ = {isa = PBXFileReference; lastKnownFileType = sourcecode.swift; path = AddLendingFrom.swift; sourceTree = "<group>"; };
		CAF78F4528284DA30041DA5A /* LoanViewModel.swift */ = {isa = PBXFileReference; lastKnownFileType = sourcecode.swift; path = LoanViewModel.swift; sourceTree = "<group>"; };
		CAF78F48282851CE0041DA5A /* Home.swift */ = {isa = PBXFileReference; lastKnownFileType = sourcecode.swift; path = Home.swift; sourceTree = "<group>"; };
		CAF78F4B282869860041DA5A /* History.swift */ = {isa = PBXFileReference; lastKnownFileType = sourcecode.swift; path = History.swift; sourceTree = "<group>"; };
/* End PBXFileReference section */

/* Begin PBXFrameworksBuildPhase section */
		CA18CDA0281B002000612806 /* Frameworks */ = {
			isa = PBXFrameworksBuildPhase;
			buildActionMask = 2147483647;
			files = (
			);
			runOnlyForDeploymentPostprocessing = 0;
		};
/* End PBXFrameworksBuildPhase section */

/* Begin PBXGroup section */
		CA18CD9A281B002000612806 = {
			isa = PBXGroup;
			children = (
				CA18CDA5281B002000612806 /* Loaner-SwiftUI */,
				CA18CDA4281B002000612806 /* Products */,
			);
			sourceTree = "<group>";
		};
		CA18CDA4281B002000612806 /* Products */ = {
			isa = PBXGroup;
			children = (
				CA18CDA3281B002000612806 /* Loaner.app */,
			);
			name = Products;
			sourceTree = "<group>";
		};
		CA18CDA5281B002000612806 /* Loaner-SwiftUI */ = {
			isa = PBXGroup;
			children = (
				CAF78F47282851C50041DA5A /* View */,
				CAF78F4428284D840041DA5A /* ViewModel */,
				CA18CDC2281B2BE600612806 /* Sheet */,
				CA18CDA6281B002000612806 /* Loaner_SwiftUIApp.swift */,
				CA18CDA8281B002000612806 /* ContentView.swift */,
				CA18CDAA281B002100612806 /* Assets.xcassets */,
				CA18CDB4281B0A8400612806 /* TestView.swift */,
				CA18CDB9281B0EC800612806 /* Loaner.xcdatamodeld */,
				CA18CDBC281B0EE800612806 /* DataController.swift */,
				CA18CDAC281B002100612806 /* Preview Content */,
			);
			path = "Loaner-SwiftUI";
			sourceTree = "<group>";
		};
		CA18CDAC281B002100612806 /* Preview Content */ = {
			isa = PBXGroup;
			children = (
				CA18CDAD281B002100612806 /* Preview Assets.xcassets */,
			);
			path = "Preview Content";
			sourceTree = "<group>";
		};
		CA18CDC2281B2BE600612806 /* Sheet */ = {
			isa = PBXGroup;
			children = (
				CA18CDC0281B2BDA00612806 /* AddLendingTo.swift */,
				CA18CDC3281B2C0400612806 /* AddLendingFrom.swift */,
			);
			path = Sheet;
			sourceTree = "<group>";
		};
		CAF78F4428284D840041DA5A /* ViewModel */ = {
			isa = PBXGroup;
			children = (
				CAF78F4528284DA30041DA5A /* LoanViewModel.swift */,
			);
			path = ViewModel;
			sourceTree = "<group>";
		};
		CAF78F47282851C50041DA5A /* View */ = {
			isa = PBXGroup;
			children = (
				CAF78F48282851CE0041DA5A /* Home.swift */,
				CAF78F4B282869860041DA5A /* History.swift */,
			);
			path = View;
			sourceTree = "<group>";
		};
/* End PBXGroup section */

/* Begin PBXNativeTarget section */
		CA18CDA2281B002000612806 /* Loaner-SwiftUI */ = {
			isa = PBXNativeTarget;
			buildConfigurationList = CA18CDB1281B002100612806 /* Build configuration list for PBXNativeTarget "Loaner-SwiftUI" */;
			buildPhases = (
				CA18CD9F281B002000612806 /* Sources */,
				CA18CDA0281B002000612806 /* Frameworks */,
				CA18CDA1281B002000612806 /* Resources */,
			);
			buildRules = (
			);
			dependencies = (
			);
			name = "Loaner-SwiftUI";
			productName = "Loaner-SwiftUI";
			productReference = CA18CDA3281B002000612806 /* Loaner.app */;
			productType = "com.apple.product-type.application";
		};
/* End PBXNativeTarget section */

/* Begin PBXProject section */
		CA18CD9B281B002000612806 /* Project object */ = {
			isa = PBXProject;
			attributes = {
				BuildIndependentTargetsInParallel = 1;
				LastSwiftUpdateCheck = 1330;
				LastUpgradeCheck = 1330;
				TargetAttributes = {
					CA18CDA2281B002000612806 = {
						CreatedOnToolsVersion = 13.3.1;
					};
				};
			};
			buildConfigurationList = CA18CD9E281B002000612806 /* Build configuration list for PBXProject "Loaner-SwiftUI" */;
			compatibilityVersion = "Xcode 13.0";
			developmentRegion = en;
			hasScannedForEncodings = 0;
			knownRegions = (
				en,
				Base,
			);
			mainGroup = CA18CD9A281B002000612806;
			productRefGroup = CA18CDA4281B002000612806 /* Products */;
			projectDirPath = "";
			projectRoot = "";
			targets = (
				CA18CDA2281B002000612806 /* Loaner-SwiftUI */,
			);
		};
/* End PBXProject section */

/* Begin PBXResourcesBuildPhase section */
		CA18CDA1281B002000612806 /* Resources */ = {
			isa = PBXResourcesBuildPhase;
			buildActionMask = 2147483647;
			files = (
				CA18CDAE281B002100612806 /* Preview Assets.xcassets in Resources */,
				CA18CDAB281B002100612806 /* Assets.xcassets in Resources */,
			);
			runOnlyForDeploymentPostprocessing = 0;
		};
/* End PBXResourcesBuildPhase section */

/* Begin PBXSourcesBuildPhase section */
		CA18CD9F281B002000612806 /* Sources */ = {
			isa = PBXSourcesBuildPhase;
			buildActionMask = 2147483647;
			files = (
				CA18CDBD281B0EE800612806 /* DataController.swift in Sources */,
				CA18CDC1281B2BDA00612806 /* AddLendingTo.swift in Sources */,
				CA18CDBB281B0EC800612806 /* Loaner.xcdatamodeld in Sources */,
				CA18CDB5281B0A8400612806 /* TestView.swift in Sources */,
				CAF78F4C282869860041DA5A /* History.swift in Sources */,
				CAF78F49282851CE0041DA5A /* Home.swift in Sources */,
				CAF78F4628284DA30041DA5A /* LoanViewModel.swift in Sources */,
				CA18CDC4281B2C0400612806 /* AddLendingFrom.swift in Sources */,
				CA18CDA9281B002000612806 /* ContentView.swift in Sources */,
				CA18CDA7281B002000612806 /* Loaner_SwiftUIApp.swift in Sources */,
			);
			runOnlyForDeploymentPostprocessing = 0;
		};
/* End PBXSourcesBuildPhase section */

/* Begin XCBuildConfiguration section */
		CA18CDAF281B002100612806 /* Debug */ = {
			isa = XCBuildConfiguration;
			buildSettings = {
				ALWAYS_SEARCH_USER_PATHS = NO;
				CLANG_ANALYZER_NONNULL = YES;
				CLANG_ANALYZER_NUMBER_OBJECT_CONVERSION = YES_AGGRESSIVE;
				CLANG_CXX_LANGUAGE_STANDARD = "gnu++17";
				CLANG_ENABLE_MODULES = YES;
				CLANG_ENABLE_OBJC_ARC = YES;
				CLANG_ENABLE_OBJC_WEAK = YES;
				CLANG_WARN_BLOCK_CAPTURE_AUTORELEASING = YES;
				CLANG_WARN_BOOL_CONVERSION = YES;
				CLANG_WARN_COMMA = YES;
				CLANG_WARN_CONSTANT_CONVERSION = YES;
				CLANG_WARN_DEPRECATED_OBJC_IMPLEMENTATIONS = YES;
				CLANG_WARN_DIRECT_OBJC_ISA_USAGE = YES_ERROR;
				CLANG_WARN_DOCUMENTATION_COMMENTS = YES;
				CLANG_WARN_EMPTY_BODY = YES;
				CLANG_WARN_ENUM_CONVERSION = YES;
				CLANG_WARN_INFINITE_RECURSION = YES;
				CLANG_WARN_INT_CONVERSION = YES;
				CLANG_WARN_NON_LITERAL_NULL_CONVERSION = YES;
				CLANG_WARN_OBJC_IMPLICIT_RETAIN_SELF = YES;
				CLANG_WARN_OBJC_LITERAL_CONVERSION = YES;
				CLANG_WARN_OBJC_ROOT_CLASS = YES_ERROR;
				CLANG_WARN_QUOTED_INCLUDE_IN_FRAMEWORK_HEADER = YES;
				CLANG_WARN_RANGE_LOOP_ANALYSIS = YES;
				CLANG_WARN_STRICT_PROTOTYPES = YES;
				CLANG_WARN_SUSPICIOUS_MOVE = YES;
				CLANG_WARN_UNGUARDED_AVAILABILITY = YES_AGGRESSIVE;
				CLANG_WARN_UNREACHABLE_CODE = YES;
				CLANG_WARN__DUPLICATE_METHOD_MATCH = YES;
				COPY_PHASE_STRIP = NO;
				DEBUG_INFORMATION_FORMAT = dwarf;
				ENABLE_STRICT_OBJC_MSGSEND = YES;
				ENABLE_TESTABILITY = YES;
				GCC_C_LANGUAGE_STANDARD = gnu11;
				GCC_DYNAMIC_NO_PIC = NO;
				GCC_NO_COMMON_BLOCKS = YES;
				GCC_OPTIMIZATION_LEVEL = 0;
				GCC_PREPROCESSOR_DEFINITIONS = (
					"DEBUG=1",
					"$(inherited)",
				);
				GCC_WARN_64_TO_32_BIT_CONVERSION = YES;
				GCC_WARN_ABOUT_RETURN_TYPE = YES_ERROR;
				GCC_WARN_UNDECLARED_SELECTOR = YES;
				GCC_WARN_UNINITIALIZED_AUTOS = YES_AGGRESSIVE;
				GCC_WARN_UNUSED_FUNCTION = YES;
				GCC_WARN_UNUSED_VARIABLE = YES;
				IPHONEOS_DEPLOYMENT_TARGET = 15.4;
				MTL_ENABLE_DEBUG_INFO = INCLUDE_SOURCE;
				MTL_FAST_MATH = YES;
				ONLY_ACTIVE_ARCH = YES;
				SDKROOT = iphoneos;
				SWIFT_ACTIVE_COMPILATION_CONDITIONS = DEBUG;
				SWIFT_OPTIMIZATION_LEVEL = "-Onone";
			};
			name = Debug;
		};
		CA18CDB0281B002100612806 /* Release */ = {
			isa = XCBuildConfiguration;
			buildSettings = {
				ALWAYS_SEARCH_USER_PATHS = NO;
				CLANG_ANALYZER_NONNULL = YES;
				CLANG_ANALYZER_NUMBER_OBJECT_CONVERSION = YES_AGGRESSIVE;
				CLANG_CXX_LANGUAGE_STANDARD = "gnu++17";
				CLANG_ENABLE_MODULES = YES;
				CLANG_ENABLE_OBJC_ARC = YES;
				CLANG_ENABLE_OBJC_WEAK = YES;
				CLANG_WARN_BLOCK_CAPTURE_AUTORELEASING = YES;
				CLANG_WARN_BOOL_CONVERSION = YES;
				CLANG_WARN_COMMA = YES;
				CLANG_WARN_CONSTANT_CONVERSION = YES;
				CLANG_WARN_DEPRECATED_OBJC_IMPLEMENTATIONS = YES;
				CLANG_WARN_DIRECT_OBJC_ISA_USAGE = YES_ERROR;
				CLANG_WARN_DOCUMENTATION_COMMENTS = YES;
				CLANG_WARN_EMPTY_BODY = YES;
				CLANG_WARN_ENUM_CONVERSION = YES;
				CLANG_WARN_INFINITE_RECURSION = YES;
				CLANG_WARN_INT_CONVERSION = YES;
				CLANG_WARN_NON_LITERAL_NULL_CONVERSION = YES;
				CLANG_WARN_OBJC_IMPLICIT_RETAIN_SELF = YES;
				CLANG_WARN_OBJC_LITERAL_CONVERSION = YES;
				CLANG_WARN_OBJC_ROOT_CLASS = YES_ERROR;
				CLANG_WARN_QUOTED_INCLUDE_IN_FRAMEWORK_HEADER = YES;
				CLANG_WARN_RANGE_LOOP_ANALYSIS = YES;
				CLANG_WARN_STRICT_PROTOTYPES = YES;
				CLANG_WARN_SUSPICIOUS_MOVE = YES;
				CLANG_WARN_UNGUARDED_AVAILABILITY = YES_AGGRESSIVE;
				CLANG_WARN_UNREACHABLE_CODE = YES;
				CLANG_WARN__DUPLICATE_METHOD_MATCH = YES;
				COPY_PHASE_STRIP = NO;
				DEBUG_INFORMATION_FORMAT = "dwarf-with-dsym";
				ENABLE_NS_ASSERTIONS = NO;
				ENABLE_STRICT_OBJC_MSGSEND = YES;
				GCC_C_LANGUAGE_STANDARD = gnu11;
				GCC_NO_COMMON_BLOCKS = YES;
				GCC_WARN_64_TO_32_BIT_CONVERSION = YES;
				GCC_WARN_ABOUT_RETURN_TYPE = YES_ERROR;
				GCC_WARN_UNDECLARED_SELECTOR = YES;
				GCC_WARN_UNINITIALIZED_AUTOS = YES_AGGRESSIVE;
				GCC_WARN_UNUSED_FUNCTION = YES;
				GCC_WARN_UNUSED_VARIABLE = YES;
				IPHONEOS_DEPLOYMENT_TARGET = 15.4;
				MTL_ENABLE_DEBUG_INFO = NO;
				MTL_FAST_MATH = YES;
				SDKROOT = iphoneos;
				SWIFT_COMPILATION_MODE = wholemodule;
				SWIFT_OPTIMIZATION_LEVEL = "-O";
				VALIDATE_PRODUCT = YES;
			};
			name = Release;
		};
		CA18CDB2281B002100612806 /* Debug */ = {
			isa = XCBuildConfiguration;
			buildSettings = {
				ASSETCATALOG_COMPILER_APPICON_NAME = AppIcon;
				ASSETCATALOG_COMPILER_GLOBAL_ACCENT_COLOR_NAME = AccentColor;
				CODE_SIGN_STYLE = Automatic;
				CURRENT_PROJECT_VERSION = 1;
				DEVELOPMENT_ASSET_PATHS = "\"Loaner-SwiftUI/Preview Content\"";
				DEVELOPMENT_TEAM = J67MLP4W74;
				ENABLE_PREVIEWS = YES;
				GENERATE_INFOPLIST_FILE = YES;
				INFOPLIST_KEY_UIApplicationSceneManifest_Generation = YES;
				INFOPLIST_KEY_UIApplicationSupportsIndirectInputEvents = YES;
				INFOPLIST_KEY_UILaunchScreen_Generation = YES;
				INFOPLIST_KEY_UISupportedInterfaceOrientations_iPad = "UIInterfaceOrientationPortrait UIInterfaceOrientationPortraitUpsideDown UIInterfaceOrientationLandscapeLeft UIInterfaceOrientationLandscapeRight";
				INFOPLIST_KEY_UISupportedInterfaceOrientations_iPhone = "UIInterfaceOrientationPortrait UIInterfaceOrientationLandscapeLeft UIInterfaceOrientationLandscapeRight";
				LD_RUNPATH_SEARCH_PATHS = (
					"$(inherited)",
					"@executable_path/Frameworks",
				);
				MARKETING_VERSION = 1.0;
				PRODUCT_BUNDLE_IDENTIFIER = "com.PottatoDev.Loaner-SwiftUI";
				PRODUCT_NAME = Loaner;
				SWIFT_EMIT_LOC_STRINGS = YES;
				SWIFT_VERSION = 5.0;
				TARGETED_DEVICE_FAMILY = "1,2";
			};
			name = Debug;
		};
		CA18CDB3281B002100612806 /* Release */ = {
			isa = XCBuildConfiguration;
			buildSettings = {
				ASSETCATALOG_COMPILER_APPICON_NAME = AppIcon;
				ASSETCATALOG_COMPILER_GLOBAL_ACCENT_COLOR_NAME = AccentColor;
				CODE_SIGN_STYLE = Automatic;
				CURRENT_PROJECT_VERSION = 1;
				DEVELOPMENT_ASSET_PATHS = "\"Loaner-SwiftUI/Preview Content\"";
				DEVELOPMENT_TEAM = J67MLP4W74;
				ENABLE_PREVIEWS = YES;
				GENERATE_INFOPLIST_FILE = YES;
				INFOPLIST_KEY_UIApplicationSceneManifest_Generation = YES;
				INFOPLIST_KEY_UIApplicationSupportsIndirectInputEvents = YES;
				INFOPLIST_KEY_UILaunchScreen_Generation = YES;
				INFOPLIST_KEY_UISupportedInterfaceOrientations_iPad = "UIInterfaceOrientationPortrait UIInterfaceOrientationPortraitUpsideDown UIInterfaceOrientationLandscapeLeft UIInterfaceOrientationLandscapeRight";
				INFOPLIST_KEY_UISupportedInterfaceOrientations_iPhone = "UIInterfaceOrientationPortrait UIInterfaceOrientationLandscapeLeft UIInterfaceOrientationLandscapeRight";
				LD_RUNPATH_SEARCH_PATHS = (
					"$(inherited)",
					"@executable_path/Frameworks",
				);
				MARKETING_VERSION = 1.0;
				PRODUCT_BUNDLE_IDENTIFIER = "com.PottatoDev.Loaner-SwiftUI";
				PRODUCT_NAME = Loaner;
				SWIFT_EMIT_LOC_STRINGS = YES;
				SWIFT_VERSION = 5.0;
				TARGETED_DEVICE_FAMILY = "1,2";
			};
			name = Release;
		};
/* End XCBuildConfiguration section */

/* Begin XCConfigurationList section */
		CA18CD9E281B002000612806 /* Build configuration list for PBXProject "Loaner-SwiftUI" */ = {
			isa = XCConfigurationList;
			buildConfigurations = (
				CA18CDAF281B002100612806 /* Debug */,
				CA18CDB0281B002100612806 /* Release */,
			);
			defaultConfigurationIsVisible = 0;
			defaultConfigurationName = Release;
		};
		CA18CDB1281B002100612806 /* Build configuration list for PBXNativeTarget "Loaner-SwiftUI" */ = {
			isa = XCConfigurationList;
			buildConfigurations = (
				CA18CDB2281B002100612806 /* Debug */,
				CA18CDB3281B002100612806 /* Release */,
			);
			defaultConfigurationIsVisible = 0;
			defaultConfigurationName = Release;
		};
/* End XCConfigurationList section */

/* Begin XCVersionGroup section */
		CA18CDB9281B0EC800612806 /* Loaner.xcdatamodeld */ = {
			isa = XCVersionGroup;
			children = (
				CA18CDBA281B0EC800612806 /* Loaner.xcdatamodel */,
			);
			currentVersion = CA18CDBA281B0EC800612806 /* Loaner.xcdatamodel */;
			path = Loaner.xcdatamodeld;
			sourceTree = "<group>";
			versionGroupType = wrapper.xcdatamodel;
		};
/* End XCVersionGroup section */
	};
	rootObject = CA18CD9B281B002000612806 /* Project object */;
}
